{
  "name": "vue-mousetrap",
  "version": "1.0.2",
  "lockfileVersion": 1,
  "requires": true,
  "dependencies": {
    "mousetrap": {
      "version": "1.6.1",
      "resolved": "https://registry.npmjs.org/mousetrap/-/mousetrap-1.6.1.tgz",
      "integrity": "sha1-KghfXHUSlMdefoH27CVFspy/Qtk="
    }
  }
}
